
Microsoft Visual Studio Solution File, Format Version 12.00
# Visual Studio Version 16
VisualStudioVersion = 16.0.31402.337
MinimumVisualStudioVersion = 10.0.40219.1
Project("{9A19103F-16F7-4668-BE54-9A1E7A4F7556}") = "RestFulServiceAPI", "RestFulServiceAPI.csproj", "{1381D40E-BE1F-44D5-85F0-FB9B377250EA}"
EndProject
Global
	GlobalSection(SolutionConfigurationPlatforms) = preSolution
		Debug|Any CPU = Debug|Any CPU
		Release|Any CPU = Release|Any CPU
	EndGlobalSection
	GlobalSection(ProjectConfigurationPlatforms) = postSolution
		{1381D40E-BE1F-44D5-85F0-FB9B377250EA}.Debug|Any CPU.ActiveCfg = Debug|Any CPU
		{1381D40E-BE1F-44D5-85F0-FB9B377250EA}.Debug|Any CPU.Build.0 = Debug|Any CPU
		{1381D40E-BE1F-44D5-85F0-FB9B377250EA}.Release|Any CPU.ActiveCfg = Release|Any CPU
		{1381D40E-BE1F-44D5-85F0-FB9B377250EA}.Release|Any CPU.Build.0 = Release|Any CPU
	EndGlobalSection
	GlobalSection(SolutionProperties) = preSolution
		HideSolutionNode = FALSE
	EndGlobalSection
	GlobalSection(ExtensibilityGlobals) = postSolution
		SolutionGuid = {B41162E4-9D51-4CBE-9BFB-63EE90B977E6}
	EndGlobalSection
EndGlobal
