
Microsoft Visual Studio Solution File, Format Version 12.00
# Visual Studio Version 17
VisualStudioVersion = 17.9.34714.143
MinimumVisualStudioVersion = 10.0.40219.1
Project("{FAE04EC0-301F-11D3-BF4B-00C04F79EFBC}") = "TestAppWeb", "DnetCoreTestAppWeb\TestAppWeb.csproj", "{8138B96A-FDC0-4EDD-8358-F016C35FD537}"
EndProject
Project("{FAE04EC0-301F-11D3-BF4B-00C04F79EFBC}") = "TestAppWebApi", "TestAppWebApi\TestAppWebApi.csproj", "{AF4B3590-BE12-42FB-AA89-02DDD68701EA}"
EndProject
Global
	GlobalSection(SolutionConfigurationPlatforms) = preSolution
		Debug|Any CPU = Debug|Any CPU
		Release|Any CPU = Release|Any CPU
	EndGlobalSection
	GlobalSection(ProjectConfigurationPlatforms) = postSolution
		{8138B96A-FDC0-4EDD-8358-F016C35FD537}.Debug|Any CPU.ActiveCfg = Debug|Any CPU
		{8138B96A-FDC0-4EDD-8358-F016C35FD537}.Debug|Any CPU.Build.0 = Debug|Any CPU
		{8138B96A-FDC0-4EDD-8358-F016C35FD537}.Release|Any CPU.ActiveCfg = Release|Any CPU
		{8138B96A-FDC0-4EDD-8358-F016C35FD537}.Release|Any CPU.Build.0 = Release|Any CPU
		{AF4B3590-BE12-42FB-AA89-02DDD68701EA}.Debug|Any CPU.ActiveCfg = Debug|Any CPU
		{AF4B3590-BE12-42FB-AA89-02DDD68701EA}.Debug|Any CPU.Build.0 = Debug|Any CPU
		{AF4B3590-BE12-42FB-AA89-02DDD68701EA}.Release|Any CPU.ActiveCfg = Release|Any CPU
		{AF4B3590-BE12-42FB-AA89-02DDD68701EA}.Release|Any CPU.Build.0 = Release|Any CPU
	EndGlobalSection
	GlobalSection(SolutionProperties) = preSolution
		HideSolutionNode = FALSE
	EndGlobalSection
	GlobalSection(ExtensibilityGlobals) = postSolution
		SolutionGuid = {352A6398-1C78-4D88-9142-EFCD0D4EFC79}
	EndGlobalSection
EndGlobal
