
Microsoft Visual Studio Solution File, Format Version 12.00
# Visual Studio Version 17
VisualStudioVersion = 17.4.34202.201
MinimumVisualStudioVersion = 10.0.40219.1
Project("{2150E333-8FDC-42A3-9474-1A3956D46DE8}") = "Solution Items", "Solution Items", "{EA81BF76-444D-4716-B3AA-FD74CF006FDA}"
	ProjectSection(SolutionItems) = preProject
		.editorconfig = .editorconfig
	EndProjectSection
EndProject
Project("{9A19103F-16F7-4668-BE54-9A1E7A4F7556}") = "TestAppWeb", "TestAppWeb\TestAppWeb.csproj", "{E646277D-AC4C-4D4D-905F-9F49D8B55C31}"
EndProject
Project("{9A19103F-16F7-4668-BE54-9A1E7A4F7556}") = "TestAppWebApi", "TestWebApi\TestAppWebApi.csproj", "{C6676094-83C5-4DAB-89CD-B9069781285C}"
EndProject
Global
	GlobalSection(SolutionConfigurationPlatforms) = preSolution
		Debug|Any CPU = Debug|Any CPU
		Release|Any CPU = Release|Any CPU
	EndGlobalSection
	GlobalSection(ProjectConfigurationPlatforms) = postSolution
		{E646277D-AC4C-4D4D-905F-9F49D8B55C31}.Debug|Any CPU.ActiveCfg = Debug|Any CPU
		{E646277D-AC4C-4D4D-905F-9F49D8B55C31}.Debug|Any CPU.Build.0 = Debug|Any CPU
		{E646277D-AC4C-4D4D-905F-9F49D8B55C31}.Release|Any CPU.ActiveCfg = Release|Any CPU
		{E646277D-AC4C-4D4D-905F-9F49D8B55C31}.Release|Any CPU.Build.0 = Release|Any CPU
		{C6676094-83C5-4DAB-89CD-B9069781285C}.Debug|Any CPU.ActiveCfg = Debug|Any CPU
		{C6676094-83C5-4DAB-89CD-B9069781285C}.Debug|Any CPU.Build.0 = Debug|Any CPU
		{C6676094-83C5-4DAB-89CD-B9069781285C}.Release|Any CPU.ActiveCfg = Release|Any CPU
		{C6676094-83C5-4DAB-89CD-B9069781285C}.Release|Any CPU.Build.0 = Release|Any CPU
	EndGlobalSection
	GlobalSection(SolutionProperties) = preSolution
		HideSolutionNode = FALSE
	EndGlobalSection
	GlobalSection(ExtensibilityGlobals) = postSolution
		SolutionGuid = {8599D89A-C8EE-44F9-8A58-B7EBBFC12069}
	EndGlobalSection
EndGlobal
